
Microsoft Visual Studio Solution File, Format Version 12.00
# Visual Studio Version 17
VisualStudioVersion = 17.4.33213.308
MinimumVisualStudioVersion = 10.0.40219.1
Project("{FAE04EC0-301F-11D3-BF4B-00C04F79EFBC}") = "SmartphoneAPIWebApp", "SmartphoneAPIWebApp\SmartphoneAPIWebApp.csproj", "{BFD010A9-EA0B-428F-98AB-684D9D4AD0FE}"
EndProject
Global
	GlobalSection(SolutionConfigurationPlatforms) = preSolution
		Debug|Any CPU = Debug|Any CPU
		Release|Any CPU = Release|Any CPU
	EndGlobalSection
	GlobalSection(ProjectConfigurationPlatforms) = postSolution
		{BFD010A9-EA0B-428F-98AB-684D9D4AD0FE}.Debug|Any CPU.ActiveCfg = Debug|Any CPU
		{BFD010A9-EA0B-428F-98AB-684D9D4AD0FE}.Debug|Any CPU.Build.0 = Debug|Any CPU
		{BFD010A9-EA0B-428F-98AB-684D9D4AD0FE}.Release|Any CPU.ActiveCfg = Release|Any CPU
		{BFD010A9-EA0B-428F-98AB-684D9D4AD0FE}.Release|Any CPU.Build.0 = Release|Any CPU
	EndGlobalSection
	GlobalSection(SolutionProperties) = preSolution
		HideSolutionNode = FALSE
	EndGlobalSection
	GlobalSection(ExtensibilityGlobals) = postSolution
		SolutionGuid = {792B4FF7-30EC-4F90-B8E5-DA91BDFC0F37}
	EndGlobalSection
EndGlobal
